
Microsoft Visual Studio Solution File, Format Version 12.00
# Visual Studio 15
VisualStudioVersion = 15.0.28010.0
MinimumVisualStudioVersion = 10.0.40219.1
Project("{FAE04EC0-301F-11D3-BF4B-00C04F79EFBC}") = "Ghost.WebMVC", "Ghost.WebMVC\Ghost.WebMVC.csproj", "{DFA0D5CD-9D9F-4233-BEBF-2818B88E7A28}"
EndProject
Project("{FAE04EC0-301F-11D3-BF4B-00C04F79EFBC}") = "Ghost.Data", "Ghost.Data\Ghost.Data.csproj", "{6D16219B-10CA-435D-ACDF-4A995FA895A4}"
EndProject
Project("{FAE04EC0-301F-11D3-BF4B-00C04F79EFBC}") = "Ghost.Models", "Ghost.Models\Ghost.Models.csproj", "{B21B1714-F5DD-472F-88F7-6F1B606CC851}"
EndProject
Project("{FAE04EC0-301F-11D3-BF4B-00C04F79EFBC}") = "Ghost.Contracts", "Ghost.Contracts\Ghost.Contracts.csproj", "{8FFEA47B-4F7A-4C37-97C0-521E08E8F474}"
EndProject
Project("{FAE04EC0-301F-11D3-BF4B-00C04F79EFBC}") = "Ghost.Services", "Ghost.Services\Ghost.Services.csproj", "{DF640B73-88BE-4E4C-896D-F1B3DA19B73B}"
EndProject
Project("{FAE04EC0-301F-11D3-BF4B-00C04F79EFBC}") = "Ghost.Tests", "Ghost.Tests\Ghost.Tests.csproj", "{F8A822C7-AB99-4E18-A7D6-5E7E4E0FA9A0}"
EndProject
Global
	GlobalSection(SolutionConfigurationPlatforms) = preSolution
		Debug|Any CPU = Debug|Any CPU
		Release|Any CPU = Release|Any CPU
	EndGlobalSection
	GlobalSection(ProjectConfigurationPlatforms) = postSolution
		{DFA0D5CD-9D9F-4233-BEBF-2818B88E7A28}.Debug|Any CPU.ActiveCfg = Debug|Any CPU
		{DFA0D5CD-9D9F-4233-BEBF-2818B88E7A28}.Debug|Any CPU.Build.0 = Debug|Any CPU
		{DFA0D5CD-9D9F-4233-BEBF-2818B88E7A28}.Release|Any CPU.ActiveCfg = Release|Any CPU
		{DFA0D5CD-9D9F-4233-BEBF-2818B88E7A28}.Release|Any CPU.Build.0 = Release|Any CPU
		{6D16219B-10CA-435D-ACDF-4A995FA895A4}.Debug|Any CPU.ActiveCfg = Debug|Any CPU
		{6D16219B-10CA-435D-ACDF-4A995FA895A4}.Debug|Any CPU.Build.0 = Debug|Any CPU
		{6D16219B-10CA-435D-ACDF-4A995FA895A4}.Release|Any CPU.ActiveCfg = Release|Any CPU
		{6D16219B-10CA-435D-ACDF-4A995FA895A4}.Release|Any CPU.Build.0 = Release|Any CPU
		{B21B1714-F5DD-472F-88F7-6F1B606CC851}.Debug|Any CPU.ActiveCfg = Debug|Any CPU
		{B21B1714-F5DD-472F-88F7-6F1B606CC851}.Debug|Any CPU.Build.0 = Debug|Any CPU
		{B21B1714-F5DD-472F-88F7-6F1B606CC851}.Release|Any CPU.ActiveCfg = Release|Any CPU
		{B21B1714-F5DD-472F-88F7-6F1B606CC851}.Release|Any CPU.Build.0 = Release|Any CPU
		{8FFEA47B-4F7A-4C37-97C0-521E08E8F474}.Debug|Any CPU.ActiveCfg = Debug|Any CPU
		{8FFEA47B-4F7A-4C37-97C0-521E08E8F474}.Debug|Any CPU.Build.0 = Debug|Any CPU
		{8FFEA47B-4F7A-4C37-97C0-521E08E8F474}.Release|Any CPU.ActiveCfg = Release|Any CPU
		{8FFEA47B-4F7A-4C37-97C0-521E08E8F474}.Release|Any CPU.Build.0 = Release|Any CPU
		{DF640B73-88BE-4E4C-896D-F1B3DA19B73B}.Debug|Any CPU.ActiveCfg = Debug|Any CPU
		{DF640B73-88BE-4E4C-896D-F1B3DA19B73B}.Debug|Any CPU.Build.0 = Debug|Any CPU
		{DF640B73-88BE-4E4C-896D-F1B3DA19B73B}.Release|Any CPU.ActiveCfg = Release|Any CPU
		{DF640B73-88BE-4E4C-896D-F1B3DA19B73B}.Release|Any CPU.Build.0 = Release|Any CPU
		{F8A822C7-AB99-4E18-A7D6-5E7E4E0FA9A0}.Debug|Any CPU.ActiveCfg = Debug|Any CPU
		{F8A822C7-AB99-4E18-A7D6-5E7E4E0FA9A0}.Debug|Any CPU.Build.0 = Debug|Any CPU
		{F8A822C7-AB99-4E18-A7D6-5E7E4E0FA9A0}.Release|Any CPU.ActiveCfg = Release|Any CPU
		{F8A822C7-AB99-4E18-A7D6-5E7E4E0FA9A0}.Release|Any CPU.Build.0 = Release|Any CPU
	EndGlobalSection
	GlobalSection(SolutionProperties) = preSolution
		HideSolutionNode = FALSE
	EndGlobalSection
	GlobalSection(ExtensibilityGlobals) = postSolution
		SolutionGuid = {9F9E2A40-7CDF-4D65-B94C-9CB64A1FDFE9}
	EndGlobalSection
EndGlobal
